<?xml version="1.0" encoding="utf-8"?>
<Project ToolsVersion="4.0" xmlns="http://schemas.microsoft.com/developer/msbuild/2003">
  <ItemGroup>
    <Filter Include="Source Files">
      <UniqueIdentifier>{4FC737F1-C7A5-4376-A066-2A32D752A2FF}</UniqueIdentifier>
      <Extensions>qml;cpp;c;cc;cxx;def;odl;idl;hpj;bat;asm;asmx</Extensions>
    </Filter>
    <Filter Include="Header Files">
      <UniqueIdentifier>{93995380-89BD-4b04-88EB-625FBE52EBFB}</UniqueIdentifier>
      <Extensions>h;hh;hpp;hxx;hm;inl;inc;xsd</Extensions>
    </Filter>
    <Filter Include="Resource Files">
      <UniqueIdentifier>{67DA6AB6-F800-4c08-8B7A-83BB121AAD01}</UniqueIdentifier>
      <Extensions>qrc;rc;ico;cur;bmp;dlg;rc2;rct;bin;rgs;gif;jpg;jpeg;jpe;resx;tiff;tif;png;wav;mfcribbon-ms</Extensions>
    </Filter>
    <Filter Include="Form Files">
      <UniqueIdentifier>{99349809-55BA-4b9d-BF79-8FDBB0286EB3}</UniqueIdentifier>
      <Extensions>ui</Extensions>
    </Filter>
    <Filter Include="Translation Files">
      <UniqueIdentifier>{639EADAA-A684-42e4-A9AD-28FC9BCB8F7C}</UniqueIdentifier>
      <Extensions>ts</Extensions>
    </Filter>
    <Filter Include="Header Files\widgets">
      <UniqueIdentifier>{775a1ddd-59b9-4766-92b7-35435f71064c}</UniqueIdentifier>
    </Filter>
    <Filter Include="Source Files\widgets">
      <UniqueIdentifier>{1135c784-b421-4125-8680-e3aed02e713f}</UniqueIdentifier>
    </Filter>
    <Filter Include="Source Files\dial_debug">
      <UniqueIdentifier>{0119d72a-323a-4cb7-b5d3-c01d7b54261e}</UniqueIdentifier>
    </Filter>
    <Filter Include="Header Files\dial_debug">
      <UniqueIdentifier>{78b65dec-e89a-4f74-a2b2-ec0480fad203}</UniqueIdentifier>
    </Filter>
    <Filter Include="Header Files\camera">
      <UniqueIdentifier>{a07db040-98b1-4d66-b8d4-e4b3f0c5a982}</UniqueIdentifier>
    </Filter>
    <Filter Include="Source Files\camera">
      <UniqueIdentifier>{6240d5bd-c312-466b-a07c-12e34422d0f5}</UniqueIdentifier>
    </Filter>
    <Filter Include="Source Files\hidapi">
      <UniqueIdentifier>{9e776ff6-622e-4e69-a3b1-e70911c28da7}</UniqueIdentifier>
    </Filter>
    <Filter Include="Header Files\can">
      <UniqueIdentifier>{75e49a35-3d91-4320-a18e-07ddde7b8635}</UniqueIdentifier>
    </Filter>
    <Filter Include="Source Files\can">
      <UniqueIdentifier>{e491e98f-04c5-443a-853a-a8cd28e4d38b}</UniqueIdentifier>
    </Filter>
    <Filter Include="Header Files\csv">
      <UniqueIdentifier>{92840dc2-ca0c-4b6f-8301-0870e51e6fc0}</UniqueIdentifier>
    </Filter>
    <Filter Include="Source Files\csv">
      <UniqueIdentifier>{737646a1-4767-4117-adcd-54c69135a0b1}</UniqueIdentifier>
    </Filter>
    <Filter Include="Header Files\plotters">
      <UniqueIdentifier>{2e3f0aff-6d29-49fb-bbec-c5b456345344}</UniqueIdentifier>
    </Filter>
    <Filter Include="Source Files\plotters">
      <UniqueIdentifier>{88dd85f5-27d9-4b73-89cf-51034eb4cdeb}</UniqueIdentifier>
    </Filter>
  </ItemGroup>
  <ItemGroup>
    <QtRcc Include="win_snail.qrc">
      <Filter>Resource Files</Filter>
    </QtRcc>
    <QtUic Include="win_snail.ui">
      <Filter>Form Files</Filter>
    </QtUic>
    <QtMoc Include="win_snail.h">
      <Filter>Header Files</Filter>
    </QtMoc>
    <ClCompile Include="win_snail.cpp">
      <Filter>Source Files</Filter>
    </ClCompile>
    <None Include="qt_win_snail.ico">
      <Filter>Resource Files</Filter>
    </None>
    <ResourceCompile Include="qt_win_snail.rc">
      <Filter>Resource Files</Filter>
    </ResourceCompile>
  </ItemGroup>
  <ItemGroup>
    <ClCompile Include="main.cpp">
      <Filter>Source Files</Filter>
    </ClCompile>
    <ClCompile Include="widgets\plotterwidget.cpp">
      <Filter>Source Files\widgets</Filter>
    </ClCompile>
    <ClCompile Include="widgets\comboboxkey.cpp">
      <Filter>Source Files\widgets</Filter>
    </ClCompile>
    <ClCompile Include="widgets\styledtoolbutton.cpp">
      <Filter>Source Files\widgets</Filter>
    </ClCompile>
    <ClCompile Include="dial_debug\dial_debug.cpp">
      <Filter>Source Files\dial_debug</Filter>
    </ClCompile>
    <ClCompile Include="camera\my_camera.cpp">
      <Filter>Source Files\camera</Filter>
    </ClCompile>
    <ClCompile Include="camera\qcustomvideosurface.cpp">
      <Filter>Source Files\camera</Filter>
    </ClCompile>
    <ClCompile Include="hidapi\hid.c">
      <Filter>Source Files\hidapi</Filter>
    </ClCompile>
    <ClCompile Include="can\cmd_sender.cpp">
      <Filter>Source Files\can</Filter>
    </ClCompile>
    <ClCompile Include="port_prop_dialog.cpp">
      <Filter>Source Files\can</Filter>
    </ClCompile>
    <ClCompile Include="csv\csv_dlg.cpp">
      <Filter>Source Files\csv</Filter>
    </ClCompile>
    <ClCompile Include="snail_data.cpp">
      <Filter>Source Files</Filter>
    </ClCompile>
    <ClCompile Include="wrk_wrk.cpp">
      <Filter>Source Files</Filter>
    </ClCompile>
    <ClCompile Include="plotters\camplotter.cpp">
      <Filter>Source Files\plotters</Filter>
    </ClCompile>
    <ClCompile Include="plotters\PlotProperties.cpp">
      <Filter>Source Files\plotters</Filter>
    </ClCompile>
  </ItemGroup>
  <ItemGroup>
    <ClInclude Include="widgets\comboboxkey.h">
      <Filter>Header Files\widgets</Filter>
    </ClInclude>
    <ClInclude Include="widgets\styledtoolbutton.h">
      <Filter>Header Files\widgets</Filter>
    </ClInclude>
    <ClInclude Include="dev_interf.h">
      <Filter>Header Files</Filter>
    </ClInclude>
    <ClInclude Include="hidapi\hidapi.h">
      <Filter>Header Files</Filter>
    </ClInclude>
    <ClInclude Include="port_prop_dialog.h">
      <Filter>Header Files\can</Filter>
    </ClInclude>
    <ClInclude Include="can\can_message.h">
      <Filter>Header Files\can</Filter>
    </ClInclude>
    <ClInclude Include="snail_data.h">
      <Filter>Header Files</Filter>
    </ClInclude>
    <ClInclude Include="plotters\PlotProperties.h">
      <Filter>Header Files\plotters</Filter>
    </ClInclude>
  </ItemGroup>
  <ItemGroup>
    <QtUic Include="dial_debug\dial_debug.ui">
      <Filter>Form Files</Filter>
    </QtUic>
    <QtUic Include="port_prop_dialog.ui">
      <Filter>Form Files</Filter>
    </QtUic>
    <QtUic Include="csv\csv_dlg.ui">
      <Filter>Form Files</Filter>
    </QtUic>
  </ItemGroup>
  <ItemGroup>
    <QtMoc Include="dial_debug\dial_debug.h">
      <Filter>Header Files\dial_debug</Filter>
    </QtMoc>
    <QtMoc Include="camera\my_camera.h">
      <Filter>Header Files\camera</Filter>
    </QtMoc>
    <QtMoc Include="camera\qcustomvideosurface.h">
      <Filter>Header Files\camera</Filter>
    </QtMoc>
    <QtMoc Include="widgets\plotterwidget.h">
      <Filter>Header Files\widgets</Filter>
    </QtMoc>
    <QtMoc Include="can\cmd_sender.h">
      <Filter>Header Files\can</Filter>
    </QtMoc>
    <QtMoc Include="csv\csv_dlg.h">
      <Filter>Header Files\csv</Filter>
    </QtMoc>
    <QtMoc Include="wrk_wrk.h">
      <Filter>Header Files</Filter>
    </QtMoc>
    <QtMoc Include="plotters\camplotter.h">
      <Filter>Header Files\plotters</Filter>
    </QtMoc>
  </ItemGroup>
</Project>