
Microsoft Visual Studio Solution File, Format Version 11.00
# Visual Studio 2010
Project("{8BC9CEB8-8B4A-11D0-8D11-00A0C91BC942}") = "grbl_control", "grbl_control.vcxproj", "{043F58F9-931D-35FD-B66A-45BD9705F775}"
EndProject
Global
	GlobalSection(SolutionConfigurationPlatforms) = preSolution
		Debug|Win32 = Debug|Win32
		Release|Win32 = Release|Win32
	EndGlobalSection
	GlobalSection(ProjectConfigurationPlatforms) = postSolution
		{043F58F9-931D-35FD-B66A-45BD9705F775}.Debug|Win32.ActiveCfg = Debug|Win32
		{043F58F9-931D-35FD-B66A-45BD9705F775}.Debug|Win32.Build.0 = Debug|Win32
		{043F58F9-931D-35FD-B66A-45BD9705F775}.Release|Win32.ActiveCfg = Release|Win32
		{043F58F9-931D-35FD-B66A-45BD9705F775}.Release|Win32.Build.0 = Release|Win32
	EndGlobalSection
	GlobalSection(SolutionProperties) = preSolution
		HideSolutionNode = FALSE
	EndGlobalSection
EndGlobal
