
Microsoft Visual Studio Solution File, Format Version 12.00
# Visual Studio Version 16
VisualStudioVersion = 16.0.29709.97
MinimumVisualStudioVersion = 10.0.40219.1
Project("{8BC9CEB8-8B4A-11D0-8D11-00A0C91BC942}") = "q_test_camera", "q_test_camera.vcxproj", "{B01F14D0-A801-37AC-8960-1D066D2155D5}"
EndProject
Global
	GlobalSection(SolutionConfigurationPlatforms) = preSolution
		Debug|x64 = Debug|x64
		Release|x64 = Release|x64
	EndGlobalSection
	GlobalSection(ProjectConfigurationPlatforms) = postSolution
		{B01F14D0-A801-37AC-8960-1D066D2155D5}.Debug|x64.ActiveCfg = Debug|x64
		{B01F14D0-A801-37AC-8960-1D066D2155D5}.Debug|x64.Build.0 = Debug|x64
		{B01F14D0-A801-37AC-8960-1D066D2155D5}.Release|x64.ActiveCfg = Release|x64
		{B01F14D0-A801-37AC-8960-1D066D2155D5}.Release|x64.Build.0 = Release|x64
	EndGlobalSection
	GlobalSection(SolutionProperties) = preSolution
		HideSolutionNode = FALSE
	EndGlobalSection
	GlobalSection(ExtensibilityGlobals) = postSolution
		SolutionGuid = {D1487BF4-830D-4A9D-A3C0-CBB2B1CC4B34}
	EndGlobalSection
EndGlobal
