Microsoft Visual Studio Solution File, Format Version 12.00
# Visual Studio Version 16
Project("{8BC9CEB8-8B4A-11D0-8D11-00A0C91BC942}") = "framebufferobject", "D:/proj/velograph/snail_w/win/svg/opengl/framebufferobject\framebufferobject.vcxproj", "{7F586EA3-5B98-34BF-BA76-2A5BF0E5B429}"
EndProject
Global
	GlobalSection(SolutionConfigurationPlatforms) = preSolution
		Debug|x64 = Debug|x64
		Release|x64 = Release|x64
	EndGlobalSection
	GlobalSection(ProjectConfigurationPlatforms) = postSolution
		{7F586EA3-5B98-34BF-BA76-2A5BF0E5B429}.Debug|x64.ActiveCfg = Debug|x64
		{7F586EA3-5B98-34BF-BA76-2A5BF0E5B429}.Debug|x64.Build.0 = Debug|x64
		{7F586EA3-5B98-34BF-BA76-2A5BF0E5B429}.Release|x64.ActiveCfg = Release|x64
		{7F586EA3-5B98-34BF-BA76-2A5BF0E5B429}.Release|x64.Build.0 = Release|x64
	EndGlobalSection
	GlobalSection(ExtensibilityGlobals) = postSolution
	EndGlobalSection
	GlobalSection(ExtensibilityAddIns) = postSolution
	EndGlobalSection
EndGlobal